// !$*UTF8*$!
{
	archiveVersion = 1;
	classes = {
	};
	objectVersion = 46;
	objects = {

/* Begin PBXBuildFile section */
		23DA006E1C8FBBC200ED13C3 /* AppDelegate.swift in Sources */ = {isa = PBXBuildFile; fileRef = 23DA006D1C8FBBC200ED13C3 /* AppDelegate.swift */; };
		23DA00701C8FBBC200ED13C3 /* ViewController.swift in Sources */ = {isa = PBXBuildFile; fileRef = 23DA006F1C8FBBC200ED13C3 /* ViewController.swift */; };
		23DA00731C8FBBC200ED13C3 /* Main.storyboard in Resources */ = {isa = PBXBuildFile; fileRef = 23DA00711C8FBBC200ED13C3 /* Main.storyboard */; };
		23DA00751C8FBBC200ED13C3 /* Assets.xcassets in Resources */ = {isa = PBXBuildFile; fileRef = 23DA00741C8FBBC200ED13C3 /* Assets.xcassets */; };
		23DA00781C8FBBC200ED13C3 /* LaunchScreen.storyboard in Resources */ = {isa = PBXBuildFile; fileRef = 23DA00761C8FBBC200ED13C3 /* LaunchScreen.storyboard */; };
/* End PBXBuildFile section */

/* Begin PBXFileReference section */
		23DA006A1C8FBBC200ED13C3 /* InstaClone.app */ = {isa = PBXFileReference; explicitFileType = wrapper.application; includeInIndex = 0; path = InstaClone.app; sourceTree = BUILT_PRODUCTS_DIR; };
		23DA006D1C8FBBC200ED13C3 /* AppDelegate.swift */ = {isa = PBXFileReference; lastKnownFileType = sourcecode.swift; path = AppDelegate.swift; sourceTree = "<group>"; };
		23DA006F1C8FBBC200ED13C3 /* ViewController.swift */ = {isa = PBXFileReference; lastKnownFileType = sourcecode.swift; path = ViewController.swift; sourceTree = "<group>"; };
		23DA00721C8FBBC200ED13C3 /* Base */ = {isa = PBXFileReference; lastKnownFileType = file.storyboard; name = Base; path = Base.lproj/Main.storyboard; sourceTree = "<group>"; };
		23DA00741C8FBBC200ED13C3 /* Assets.xcassets */ = {isa = PBXFileReference; lastKnownFileType = folder.assetcatalog; path = Assets.xcassets; sourceTree = "<group>"; };
		23DA00771C8FBBC200ED13C3 /* Base */ = {isa = PBXFileReference; lastKnownFileType = file.storyboard; name = Base; path = Base.lproj/LaunchScreen.storyboard; sourceTree = "<group>"; };
		23DA00791C8FBBC200ED13C3 /* Info.plist */ = {isa = PBXFileReference; lastKnownFileType = text.plist.xml; path = Info.plist; sourceTree = "<group>"; };
/* End PBXFileReference section */

/* Begin PBXFrameworksBuildPhase section */
		23DA00671C8FBBC200ED13C3 /* Frameworks */ = {
			isa = PBXFrameworksBuildPhase;
			buildActionMask = 2147483647;
			files = (
			);
			runOnlyForDeploymentPostprocessing = 0;
		};
/* End PBXFrameworksBuildPhase section */

/* Begin PBXGroup section */
		23DA00611C8FBBC200ED13C3 = {
			isa = PBXGroup;
			children = (
				23DA006C1C8FBBC200ED13C3 /* InstaClone */,
				23DA006B1C8FBBC200ED13C3 /* Products */,
			);
			sourceTree = "<group>";
		};
		23DA006B1C8FBBC200ED13C3 /* Products */ = {
			isa = PBXGroup;
			children = (
				23DA006A1C8FBBC200ED13C3 /* InstaClone.app */,
			);
			name = Products;
			sourceTree = "<group>";
		};
		23DA006C1C8FBBC200ED13C3 /* InstaClone */ = {
			isa = PBXGroup;
			children = (
				23DA006D1C8FBBC200ED13C3 /* AppDelegate.swift */,
				23DA006F1C8FBBC200ED13C3 /* ViewController.swift */,
				23DA00711C8FBBC200ED13C3 /* Main.storyboard */,
				23DA00741C8FBBC200ED13C3 /* Assets.xcassets */,
				23DA00761C8FBBC200ED13C3 /* LaunchScreen.storyboard */,
				23DA00791C8FBBC200ED13C3 /* Info.plist */,
			);
			path = InstaClone;
			sourceTree = "<group>";
		};
/* End PBXGroup section */

/* Begin PBXNativeTarget section */
		23DA00691C8FBBC200ED13C3 /* InstaClone */ = {
			isa = PBXNativeTarget;
			buildConfigurationList = 23DA007C1C8FBBC200ED13C3 /* Build configuration list for PBXNativeTarget "InstaClone" */;
			buildPhases = (
				23DA00661C8FBBC200ED13C3 /* Sources */,
				23DA00671C8FBBC200ED13C3 /* Frameworks */,
				23DA00681C8FBBC200ED13C3 /* Resources */,
			);
			buildRules = (
			);
			dependencies = (
			);
			name = InstaClone;
			productName = InstaClone;
			productReference = 23DA006A1C8FBBC200ED13C3 /* InstaClone.app */;
			productType = "com.apple.product-type.application";
		};
/* End PBXNativeTarget section */

/* Begin PBXProject section */
		23DA00621C8FBBC200ED13C3 /* Project object */ = {
			isa = PBXProject;
			attributes = {
				LastUpgradeCheck = 0700;
				ORGANIZATIONNAME = "Sudipta Bhowmik";
				TargetAttributes = {
					23DA00691C8FBBC200ED13C3 = {
						CreatedOnToolsVersion = 7.0;
					};
				};
			};
			buildConfigurationList = 23DA00651C8FBBC200ED13C3 /* Build configuration list for PBXProject "InstaClone" */;
			compatibilityVersion = "Xcode 3.2";
			developmentRegion = English;
			hasScannedForEncodings = 0;
			knownRegions = (
				en,
				Base,
			);
			mainGroup = 23DA00611C8FBBC200ED13C3;
			productRefGroup = 23DA006B1C8FBBC200ED13C3 /* Products */;
			projectDirPath = "";
			projectRoot = "";
			targets = (
				23DA00691C8FBBC200ED13C3 /* InstaClone */,
			);
		};
/* End PBXProject section */

/* Begin PBXResourcesBuildPhase section */
		23DA00681C8FBBC200ED13C3 /* Resources */ = {
			isa = PBXResourcesBuildPhase;
			buildActionMask = 2147483647;
			files = (
				23DA00781C8FBBC200ED13C3 /* LaunchScreen.storyboard in Resources */,
				23DA00751C8FBBC200ED13C3 /* Assets.xcassets in Resources */,
				23DA00731C8FBBC200ED13C3 /* Main.storyboard in Resources */,
			);
			runOnlyForDeploymentPostprocessing = 0;
		};
/* End PBXResourcesBuildPhase section */

/* Begin PBXSourcesBuildPhase section */
		23DA00661C8FBBC200ED13C3 /* Sources */ = {
			isa = PBXSourcesBuildPhase;
			buildActionMask = 2147483647;
			files = (
				23DA00701C8FBBC200ED13C3 /* ViewController.swift in Sources */,
				23DA006E1C8FBBC200ED13C3 /* AppDelegate.swift in Sources */,
			);
			runOnlyForDeploymentPostprocessing = 0;
		};
/* End PBXSourcesBuildPhase section */

/* Begin PBXVariantGroup section */
		23DA00711C8FBBC200ED13C3 /* Main.storyboard */ = {
			isa = PBXVariantGroup;
			children = (
				23DA00721C8FBBC200ED13C3 /* Base */,
			);
			name = Main.storyboard;
			sourceTree = "<group>";
		};
		23DA00761C8FBBC200ED13C3 /* LaunchScreen.storyboard */ = {
			isa = PBXVariantGroup;
			children = (
				23DA00771C8FBBC200ED13C3 /* Base */,
			);
			name = LaunchScreen.storyboard;
			sourceTree = "<group>";
		};
/* End PBXVariantGroup section */

/* Begin XCBuildConfiguration section */
		23DA007A1C8FBBC200ED13C3 /* Debug */ = {
			isa = XCBuildConfiguration;
			buildSettings = {
				ALWAYS_SEARCH_USER_PATHS = NO;
				CLANG_CXX_LANGUAGE_STANDARD = "gnu++0x";
				CLANG_CXX_LIBRARY = "libc++";
				CLANG_ENABLE_MODULES = YES;
				CLANG_ENABLE_OBJC_ARC = YES;
				CLANG_WARN_BOOL_CONVERSION = YES;
				CLANG_WARN_CONSTANT_CONVERSION = YES;
				CLANG_WARN_DIRECT_OBJC_ISA_USAGE = YES_ERROR;
				CLANG_WARN_EMPTY_BODY = YES;
				CLANG_WARN_ENUM_CONVERSION = YES;
				CLANG_WARN_INT_CONVERSION = YES;
				CLANG_WARN_OBJC_ROOT_CLASS = YES_ERROR;
				CLANG_WARN_UNREACHABLE_CODE = YES;
				CLANG_WARN__DUPLICATE_METHOD_MATCH = YES;
				"CODE_SIGN_IDENTITY[sdk=iphoneos*]" = "iPhone Developer";
				COPY_PHASE_STRIP = NO;
				DEBUG_INFORMATION_FORMAT = dwarf;
				ENABLE_STRICT_OBJC_MSGSEND = YES;
				ENABLE_TESTABILITY = YES;
				GCC_C_LANGUAGE_STANDARD = gnu99;
				GCC_DYNAMIC_NO_PIC = NO;
				GCC_NO_COMMON_BLOCKS = YES;
				GCC_OPTIMIZATION_LEVEL = 0;
				GCC_PREPROCESSOR_DEFINITIONS = (
					"DEBUG=1",
					"$(inherited)",
				);
				GCC_WARN_64_TO_32_BIT_CONVERSION = YES;
				GCC_WARN_ABOUT_RETURN_TYPE = YES_ERROR;
				GCC_WARN_UNDECLARED_SELECTOR = YES;
				GCC_WARN_UNINITIALIZED_AUTOS = YES_AGGRESSIVE;
				GCC_WARN_UNUSED_FUNCTION = YES;
				GCC_WARN_UNUSED_VARIABLE = YES;
				IPHONEOS_DEPLOYMENT_TARGET = 9.0;
				MTL_ENABLE_DEBUG_INFO = YES;
				ONLY_ACTIVE_ARCH = YES;
				SDKROOT = iphoneos;
				SWIFT_OPTIMIZATION_LEVEL = "-Onone";
			};
			name = Debug;
		};
		23DA007B1C8FBBC200ED13C3 /* Release */ = {
			isa = XCBuildConfiguration;
			buildSettings = {
				ALWAYS_SEARCH_USER_PATHS = NO;
				CLANG_CXX_LANGUAGE_STANDARD = "gnu++0x";
				CLANG_CXX_LIBRARY = "libc++";
				CLANG_ENABLE_MODULES = YES;
				CLANG_ENABLE_OBJC_ARC = YES;
				CLANG_WARN_BOOL_CONVERSION = YES;
				CLANG_WARN_CONSTANT_CONVERSION = YES;
				CLANG_WARN_DIRECT_OBJC_ISA_USAGE = YES_ERROR;
				CLANG_WARN_EMPTY_BODY = YES;
				CLANG_WARN_ENUM_CONVERSION = YES;
				CLANG_WARN_INT_CONVERSION = YES;
				CLANG_WARN_OBJC_ROOT_CLASS = YES_ERROR;
				CLANG_WARN_UNREACHABLE_CODE = YES;
				CLANG_WARN__DUPLICATE_METHOD_MATCH = YES;
				"CODE_SIGN_IDENTITY[sdk=iphoneos*]" = "iPhone Developer";
				COPY_PHASE_STRIP = NO;
				DEBUG_INFORMATION_FORMAT = "dwarf-with-dsym";
				ENABLE_NS_ASSERTIONS = NO;
				ENABLE_STRICT_OBJC_MSGSEND = YES;
				GCC_C_LANGUAGE_STANDARD = gnu99;
				GCC_NO_COMMON_BLOCKS = YES;
				GCC_WARN_64_TO_32_BIT_CONVERSION = YES;
				GCC_WARN_ABOUT_RETURN_TYPE = YES_ERROR;
				GCC_WARN_UNDECLARED_SELECTOR = YES;
				GCC_WARN_UNINITIALIZED_AUTOS = YES_AGGRESSIVE;
				GCC_WARN_UNUSED_FUNCTION = YES;
				GCC_WARN_UNUSED_VARIABLE = YES;
				IPHONEOS_DEPLOYMENT_TARGET = 9.0;
				MTL_ENABLE_DEBUG_INFO = NO;
				SDKROOT = iphoneos;
				VALIDATE_PRODUCT = YES;
			};
			name = Release;
		};
		23DA007D1C8FBBC200ED13C3 /* Debug */ = {
			isa = XCBuildConfiguration;
			buildSettings = {
				ASSETCATALOG_COMPILER_APPICON_NAME = AppIcon;
				INFOPLIST_FILE = InstaClone/Info.plist;
				LD_RUNPATH_SEARCH_PATHS = "$(inherited) @executable_path/Frameworks";
				PRODUCT_BUNDLE_IDENTIFIER = sudipta.InstaClone;
				PRODUCT_NAME = "$(TARGET_NAME)";
			};
			name = Debug;
		};
		23DA007E1C8FBBC200ED13C3 /* Release */ = {
			isa = XCBuildConfiguration;
			buildSettings = {
				ASSETCATALOG_COMPILER_APPICON_NAME = AppIcon;
				INFOPLIST_FILE = InstaClone/Info.plist;
				LD_RUNPATH_SEARCH_PATHS = "$(inherited) @executable_path/Frameworks";
				PRODUCT_BUNDLE_IDENTIFIER = sudipta.InstaClone;
				PRODUCT_NAME = "$(TARGET_NAME)";
			};
			name = Release;
		};
/* End XCBuildConfiguration section */

/* Begin XCConfigurationList section */
		23DA00651C8FBBC200ED13C3 /* Build configuration list for PBXProject "InstaClone" */ = {
			isa = XCConfigurationList;
			buildConfigurations = (
				23DA007A1C8FBBC200ED13C3 /* Debug */,
				23DA007B1C8FBBC200ED13C3 /* Release */,
			);
			defaultConfigurationIsVisible = 0;
			defaultConfigurationName = Release;
		};
		23DA007C1C8FBBC200ED13C3 /* Build configuration list for PBXNativeTarget "InstaClone" */ = {
			isa = XCConfigurationList;
			buildConfigurations = (
				23DA007D1C8FBBC200ED13C3 /* Debug */,
				23DA007E1C8FBBC200ED13C3 /* Release */,
			);
			defaultConfigurationIsVisible = 0;
		};
/* End XCConfigurationList section */
	};
	rootObject = 23DA00621C8FBBC200ED13C3 /* Project object */;
}
